
Microsoft Visual Studio Solution File, Format Version 12.00
# Visual Studio 14
VisualStudioVersion = 14.0.25420.1
MinimumVisualStudioVersion = 10.0.40219.1
Project("{FAE04EC0-301F-11D3-BF4B-00C04F79EFBC}") = "GMPress.Desktop", "GMPress.Desktop\GMPress.Desktop.csproj", "{14FC3971-EB9B-46C2-B590-B0BCB151D4F5}"
EndProject
Project("{FAE04EC0-301F-11D3-BF4B-00C04F79EFBC}") = "GMPress.Data", "GMPress.Data\GMPress.Data.csproj", "{9232E1BE-1A55-44BF-93D7-1BC518D959AB}"
EndProject
Project("{FAE04EC0-301F-11D3-BF4B-00C04F79EFBC}") = "GMPress.Authorize", "GMPress.Authorize\GMPress.Authorize.csproj", "{0D8476C8-5414-4D56-973C-C866FCF69A02}"
EndProject
Project("{2150E333-8FDC-42A3-9474-1A3956D46DE8}") = "Authorize", "Authorize", "{4D94EFB2-305B-4304-8D31-411668BEDCB8}"
EndProject
Project("{2150E333-8FDC-42A3-9474-1A3956D46DE8}") = "Administration", "Administration", "{29ED83B4-D350-4695-BA2E-7B900131F53C}"
EndProject
Project("{FAE04EC0-301F-11D3-BF4B-00C04F79EFBC}") = "GMPress.Administration.Data", "GMPress.Administration\GMPress.Administration.Data\GMPress.Administration.Data.csproj", "{996F36CC-E969-4731-8118-671FC872680D}"
EndProject
Project("{FAE04EC0-301F-11D3-BF4B-00C04F79EFBC}") = "GMPress.Administration", "GMPress.Administration\GMPRess.Administration\GMPress.Administration.csproj", "{B43D04FC-89CF-4D1E-AD3B-55433189A56C}"
EndProject
Project("{2150E333-8FDC-42A3-9474-1A3956D46DE8}") = "Delivery", "Delivery", "{B15BB603-DC37-4668-8733-BCCD50744414}"
EndProject
Project("{FAE04EC0-301F-11D3-BF4B-00C04F79EFBC}") = "GmPress.Delivery", "GmPress.Delivery\GmPress.Delivery\GmPress.Delivery.csproj", "{28C60FBF-A958-4D9A-8A00-B138497C87EB}"
EndProject
Project("{FAE04EC0-301F-11D3-BF4B-00C04F79EFBC}") = "GMPress.DataProvider", "GMPress.DataProvider\GMPress.DataProvider.csproj", "{B285B901-BC4D-4568-A420-08894830C6B9}"
EndProject
Global
	GlobalSection(SolutionConfigurationPlatforms) = preSolution
		Debug|Any CPU = Debug|Any CPU
		Release|Any CPU = Release|Any CPU
	EndGlobalSection
	GlobalSection(ProjectConfigurationPlatforms) = postSolution
		{14FC3971-EB9B-46C2-B590-B0BCB151D4F5}.Debug|Any CPU.ActiveCfg = Debug|Any CPU
		{14FC3971-EB9B-46C2-B590-B0BCB151D4F5}.Debug|Any CPU.Build.0 = Debug|Any CPU
		{14FC3971-EB9B-46C2-B590-B0BCB151D4F5}.Release|Any CPU.ActiveCfg = Release|Any CPU
		{14FC3971-EB9B-46C2-B590-B0BCB151D4F5}.Release|Any CPU.Build.0 = Release|Any CPU
		{9232E1BE-1A55-44BF-93D7-1BC518D959AB}.Debug|Any CPU.ActiveCfg = Debug|Any CPU
		{9232E1BE-1A55-44BF-93D7-1BC518D959AB}.Debug|Any CPU.Build.0 = Debug|Any CPU
		{9232E1BE-1A55-44BF-93D7-1BC518D959AB}.Release|Any CPU.ActiveCfg = Release|Any CPU
		{9232E1BE-1A55-44BF-93D7-1BC518D959AB}.Release|Any CPU.Build.0 = Release|Any CPU
		{0D8476C8-5414-4D56-973C-C866FCF69A02}.Debug|Any CPU.ActiveCfg = Debug|Any CPU
		{0D8476C8-5414-4D56-973C-C866FCF69A02}.Debug|Any CPU.Build.0 = Debug|Any CPU
		{0D8476C8-5414-4D56-973C-C866FCF69A02}.Release|Any CPU.ActiveCfg = Release|Any CPU
		{0D8476C8-5414-4D56-973C-C866FCF69A02}.Release|Any CPU.Build.0 = Release|Any CPU
		{996F36CC-E969-4731-8118-671FC872680D}.Debug|Any CPU.ActiveCfg = Debug|Any CPU
		{996F36CC-E969-4731-8118-671FC872680D}.Debug|Any CPU.Build.0 = Debug|Any CPU
		{996F36CC-E969-4731-8118-671FC872680D}.Release|Any CPU.ActiveCfg = Release|Any CPU
		{996F36CC-E969-4731-8118-671FC872680D}.Release|Any CPU.Build.0 = Release|Any CPU
		{B43D04FC-89CF-4D1E-AD3B-55433189A56C}.Debug|Any CPU.ActiveCfg = Debug|Any CPU
		{B43D04FC-89CF-4D1E-AD3B-55433189A56C}.Debug|Any CPU.Build.0 = Debug|Any CPU
		{B43D04FC-89CF-4D1E-AD3B-55433189A56C}.Release|Any CPU.ActiveCfg = Release|Any CPU
		{B43D04FC-89CF-4D1E-AD3B-55433189A56C}.Release|Any CPU.Build.0 = Release|Any CPU
		{28C60FBF-A958-4D9A-8A00-B138497C87EB}.Debug|Any CPU.ActiveCfg = Debug|Any CPU
		{28C60FBF-A958-4D9A-8A00-B138497C87EB}.Debug|Any CPU.Build.0 = Debug|Any CPU
		{28C60FBF-A958-4D9A-8A00-B138497C87EB}.Release|Any CPU.ActiveCfg = Release|Any CPU
		{28C60FBF-A958-4D9A-8A00-B138497C87EB}.Release|Any CPU.Build.0 = Release|Any CPU
		{B285B901-BC4D-4568-A420-08894830C6B9}.Debug|Any CPU.ActiveCfg = Debug|Any CPU
		{B285B901-BC4D-4568-A420-08894830C6B9}.Debug|Any CPU.Build.0 = Debug|Any CPU
		{B285B901-BC4D-4568-A420-08894830C6B9}.Release|Any CPU.ActiveCfg = Release|Any CPU
		{B285B901-BC4D-4568-A420-08894830C6B9}.Release|Any CPU.Build.0 = Release|Any CPU
	EndGlobalSection
	GlobalSection(SolutionProperties) = preSolution
		HideSolutionNode = FALSE
	EndGlobalSection
	GlobalSection(NestedProjects) = preSolution
		{0D8476C8-5414-4D56-973C-C866FCF69A02} = {4D94EFB2-305B-4304-8D31-411668BEDCB8}
		{996F36CC-E969-4731-8118-671FC872680D} = {29ED83B4-D350-4695-BA2E-7B900131F53C}
		{B43D04FC-89CF-4D1E-AD3B-55433189A56C} = {29ED83B4-D350-4695-BA2E-7B900131F53C}
		{28C60FBF-A958-4D9A-8A00-B138497C87EB} = {B15BB603-DC37-4668-8733-BCCD50744414}
	EndGlobalSection
EndGlobal
